
Microsoft Visual Studio Solution File, Format Version 12.00
# Visual Studio Version 16
VisualStudioVersion = 16.0.31911.196
MinimumVisualStudioVersion = 10.0.40219.1
Project("{FAE04EC0-301F-11D3-BF4B-00C04F79EFBC}") = "csvFileSelectorProject", "csvFileSelectorProject\csvFileSelectorProject.csproj", "{45E672A8-BAC1-4D6A-A625-80F4B3A3F2CB}"
EndProject
Global
	GlobalSection(SolutionConfigurationPlatforms) = preSolution
		Debug|Any CPU = Debug|Any CPU
		Release|Any CPU = Release|Any CPU
	EndGlobalSection
	GlobalSection(ProjectConfigurationPlatforms) = postSolution
		{45E672A8-BAC1-4D6A-A625-80F4B3A3F2CB}.Debug|Any CPU.ActiveCfg = Debug|Any CPU
		{45E672A8-BAC1-4D6A-A625-80F4B3A3F2CB}.Debug|Any CPU.Build.0 = Debug|Any CPU
		{45E672A8-BAC1-4D6A-A625-80F4B3A3F2CB}.Release|Any CPU.ActiveCfg = Release|Any CPU
		{45E672A8-BAC1-4D6A-A625-80F4B3A3F2CB}.Release|Any CPU.Build.0 = Release|Any CPU
	EndGlobalSection
	GlobalSection(SolutionProperties) = preSolution
		HideSolutionNode = FALSE
	EndGlobalSection
	GlobalSection(ExtensibilityGlobals) = postSolution
		SolutionGuid = {702DED14-F62C-4CA2-8C2F-340184C4C1D4}
	EndGlobalSection
EndGlobal
